// !$*UTF8*$!
{
	archiveVersion = 1;
	classes = {
	};
	objectVersion = 50;
	objects = {

/* Begin PBXBuildFile section */
		F4DD24652323F676006D5B95 /* AppDelegate.swift in Sources */ = {isa = PBXBuildFile; fileRef = F4DD24642323F676006D5B95 /* AppDelegate.swift */; };
		F4DD24672323F676006D5B95 /* MessageViewController.swift in Sources */ = {isa = PBXBuildFile; fileRef = F4DD24662323F676006D5B95 /* MessageViewController.swift */; };
		F4DD246A2323F676006D5B95 /* Main.storyboard in Resources */ = {isa = PBXBuildFile; fileRef = F4DD24682323F676006D5B95 /* Main.storyboard */; };
		F4DD246D2323F676006D5B95 /* CaseCarry.xcdatamodeld in Sources */ = {isa = PBXBuildFile; fileRef = F4DD246B2323F676006D5B95 /* CaseCarry.xcdatamodeld */; };
		F4DD246F2323F678006D5B95 /* Assets.xcassets in Resources */ = {isa = PBXBuildFile; fileRef = F4DD246E2323F678006D5B95 /* Assets.xcassets */; };
		F4DD24722323F678006D5B95 /* LaunchScreen.storyboard in Resources */ = {isa = PBXBuildFile; fileRef = F4DD24702323F678006D5B95 /* LaunchScreen.storyboard */; };
		F4DD247B232412F7006D5B95 /* MapViewController.swift in Sources */ = {isa = PBXBuildFile; fileRef = F4DD247A232412F7006D5B95 /* MapViewController.swift */; };
		F4DD247F23241434006D5B95 /* CoreDataStack.swift in Sources */ = {isa = PBXBuildFile; fileRef = F4DD247E23241434006D5B95 /* CoreDataStack.swift */; };
		F4DD248123242426006D5B95 /* FlickrData.swift in Sources */ = {isa = PBXBuildFile; fileRef = F4DD248023242426006D5B95 /* FlickrData.swift */; };
/* End PBXBuildFile section */

/* Begin PBXFileReference section */
		F4DD24612323F676006D5B95 /* CaseCarry.app */ = {isa = PBXFileReference; explicitFileType = wrapper.application; includeInIndex = 0; path = CaseCarry.app; sourceTree = BUILT_PRODUCTS_DIR; };
		F4DD24642323F676006D5B95 /* AppDelegate.swift */ = {isa = PBXFileReference; lastKnownFileType = sourcecode.swift; path = AppDelegate.swift; sourceTree = "<group>"; };
		F4DD24662323F676006D5B95 /* MessageViewController.swift */ = {isa = PBXFileReference; lastKnownFileType = sourcecode.swift; path = MessageViewController.swift; sourceTree = "<group>"; };
		F4DD24692323F676006D5B95 /* Base */ = {isa = PBXFileReference; lastKnownFileType = file.storyboard; name = Base; path = Base.lproj/Main.storyboard; sourceTree = "<group>"; };
		F4DD246C2323F676006D5B95 /* CaseCarry.xcdatamodel */ = {isa = PBXFileReference; lastKnownFileType = wrapper.xcdatamodel; path = CaseCarry.xcdatamodel; sourceTree = "<group>"; };
		F4DD246E2323F678006D5B95 /* Assets.xcassets */ = {isa = PBXFileReference; lastKnownFileType = folder.assetcatalog; path = Assets.xcassets; sourceTree = "<group>"; };
		F4DD24712323F678006D5B95 /* Base */ = {isa = PBXFileReference; lastKnownFileType = file.storyboard; name = Base; path = Base.lproj/LaunchScreen.storyboard; sourceTree = "<group>"; };
		F4DD24732323F678006D5B95 /* Info.plist */ = {isa = PBXFileReference; lastKnownFileType = text.plist.xml; path = Info.plist; sourceTree = "<group>"; };
		F4DD247A232412F7006D5B95 /* MapViewController.swift */ = {isa = PBXFileReference; lastKnownFileType = sourcecode.swift; path = MapViewController.swift; sourceTree = "<group>"; };
		F4DD247E23241434006D5B95 /* CoreDataStack.swift */ = {isa = PBXFileReference; lastKnownFileType = sourcecode.swift; path = CoreDataStack.swift; sourceTree = "<group>"; };
		F4DD248023242426006D5B95 /* FlickrData.swift */ = {isa = PBXFileReference; lastKnownFileType = sourcecode.swift; path = FlickrData.swift; sourceTree = "<group>"; };
/* End PBXFileReference section */

/* Begin PBXFrameworksBuildPhase section */
		F4DD245E2323F676006D5B95 /* Frameworks */ = {
			isa = PBXFrameworksBuildPhase;
			buildActionMask = 2147483647;
			files = (
			);
			runOnlyForDeploymentPostprocessing = 0;
		};
/* End PBXFrameworksBuildPhase section */

/* Begin PBXGroup section */
		F4DD24582323F676006D5B95 = {
			isa = PBXGroup;
			children = (
				F4DD24632323F676006D5B95 /* CaseCarry */,
				F4DD24622323F676006D5B95 /* Products */,
			);
			sourceTree = "<group>";
		};
		F4DD24622323F676006D5B95 /* Products */ = {
			isa = PBXGroup;
			children = (
				F4DD24612323F676006D5B95 /* CaseCarry.app */,
			);
			name = Products;
			sourceTree = "<group>";
		};
		F4DD24632323F676006D5B95 /* CaseCarry */ = {
			isa = PBXGroup;
			children = (
				F4DD24642323F676006D5B95 /* AppDelegate.swift */,
				F4DD24732323F678006D5B95 /* Info.plist */,
				F4DD247D232413C4006D5B95 /* Data Model */,
				F4DD247C23241393006D5B95 /* Model */,
				F4DD247923240E7F006D5B95 /* Controller */,
				F4DD24682323F676006D5B95 /* Main.storyboard */,
				F4DD246E2323F678006D5B95 /* Assets.xcassets */,
				F4DD24702323F678006D5B95 /* LaunchScreen.storyboard */,
			);
			path = CaseCarry;
			sourceTree = "<group>";
		};
		F4DD247923240E7F006D5B95 /* Controller */ = {
			isa = PBXGroup;
			children = (
				F4DD24662323F676006D5B95 /* MessageViewController.swift */,
				F4DD247A232412F7006D5B95 /* MapViewController.swift */,
			);
			path = Controller;
			sourceTree = "<group>";
		};
		F4DD247C23241393006D5B95 /* Model */ = {
			isa = PBXGroup;
			children = (
				F4DD247E23241434006D5B95 /* CoreDataStack.swift */,
				F4DD248023242426006D5B95 /* FlickrData.swift */,
			);
			path = Model;
			sourceTree = "<group>";
		};
		F4DD247D232413C4006D5B95 /* Data Model */ = {
			isa = PBXGroup;
			children = (
				F4DD246B2323F676006D5B95 /* CaseCarry.xcdatamodeld */,
			);
			path = "Data Model";
			sourceTree = "<group>";
		};
/* End PBXGroup section */

/* Begin PBXNativeTarget section */
		F4DD24602323F676006D5B95 /* CaseCarry */ = {
			isa = PBXNativeTarget;
			buildConfigurationList = F4DD24762323F678006D5B95 /* Build configuration list for PBXNativeTarget "CaseCarry" */;
			buildPhases = (
				F4DD245D2323F676006D5B95 /* Sources */,
				F4DD245E2323F676006D5B95 /* Frameworks */,
				F4DD245F2323F676006D5B95 /* Resources */,
			);
			buildRules = (
			);
			dependencies = (
			);
			name = CaseCarry;
			productName = CaseCarry;
			productReference = F4DD24612323F676006D5B95 /* CaseCarry.app */;
			productType = "com.apple.product-type.application";
		};
/* End PBXNativeTarget section */

/* Begin PBXProject section */
		F4DD24592323F676006D5B95 /* Project object */ = {
			isa = PBXProject;
			attributes = {
				LastSwiftUpdateCheck = 1030;
				LastUpgradeCheck = 1030;
				ORGANIZATIONNAME = "Andrea Tongsak";
				TargetAttributes = {
					F4DD24602323F676006D5B95 = {
						CreatedOnToolsVersion = 10.3;
					};
				};
			};
			buildConfigurationList = F4DD245C2323F676006D5B95 /* Build configuration list for PBXProject "CaseCarry" */;
			compatibilityVersion = "Xcode 9.3";
			developmentRegion = en;
			hasScannedForEncodings = 0;
			knownRegions = (
				en,
				Base,
			);
			mainGroup = F4DD24582323F676006D5B95;
			productRefGroup = F4DD24622323F676006D5B95 /* Products */;
			projectDirPath = "";
			projectRoot = "";
			targets = (
				F4DD24602323F676006D5B95 /* CaseCarry */,
			);
		};
/* End PBXProject section */

/* Begin PBXResourcesBuildPhase section */
		F4DD245F2323F676006D5B95 /* Resources */ = {
			isa = PBXResourcesBuildPhase;
			buildActionMask = 2147483647;
			files = (
				F4DD24722323F678006D5B95 /* LaunchScreen.storyboard in Resources */,
				F4DD246F2323F678006D5B95 /* Assets.xcassets in Resources */,
				F4DD246A2323F676006D5B95 /* Main.storyboard in Resources */,
			);
			runOnlyForDeploymentPostprocessing = 0;
		};
/* End PBXResourcesBuildPhase section */

/* Begin PBXSourcesBuildPhase section */
		F4DD245D2323F676006D5B95 /* Sources */ = {
			isa = PBXSourcesBuildPhase;
			buildActionMask = 2147483647;
			files = (
				F4DD248123242426006D5B95 /* FlickrData.swift in Sources */,
				F4DD247F23241434006D5B95 /* CoreDataStack.swift in Sources */,
				F4DD246D2323F676006D5B95 /* CaseCarry.xcdatamodeld in Sources */,
				F4DD24672323F676006D5B95 /* MessageViewController.swift in Sources */,
				F4DD24652323F676006D5B95 /* AppDelegate.swift in Sources */,
				F4DD247B232412F7006D5B95 /* MapViewController.swift in Sources */,
			);
			runOnlyForDeploymentPostprocessing = 0;
		};
/* End PBXSourcesBuildPhase section */

/* Begin PBXVariantGroup section */
		F4DD24682323F676006D5B95 /* Main.storyboard */ = {
			isa = PBXVariantGroup;
			children = (
				F4DD24692323F676006D5B95 /* Base */,
			);
			name = Main.storyboard;
			sourceTree = "<group>";
		};
		F4DD24702323F678006D5B95 /* LaunchScreen.storyboard */ = {
			isa = PBXVariantGroup;
			children = (
				F4DD24712323F678006D5B95 /* Base */,
			);
			name = LaunchScreen.storyboard;
			sourceTree = "<group>";
		};
/* End PBXVariantGroup section */

/* Begin XCBuildConfiguration section */
		F4DD24742323F678006D5B95 /* Debug */ = {
			isa = XCBuildConfiguration;
			buildSettings = {
				ALWAYS_SEARCH_USER_PATHS = NO;
				CLANG_ANALYZER_NONNULL = YES;
				CLANG_ANALYZER_NUMBER_OBJECT_CONVERSION = YES_AGGRESSIVE;
				CLANG_CXX_LANGUAGE_STANDARD = "gnu++14";
				CLANG_CXX_LIBRARY = "libc++";
				CLANG_ENABLE_MODULES = YES;
				CLANG_ENABLE_OBJC_ARC = YES;
				CLANG_ENABLE_OBJC_WEAK = YES;
				CLANG_WARN_BLOCK_CAPTURE_AUTORELEASING = YES;
				CLANG_WARN_BOOL_CONVERSION = YES;
				CLANG_WARN_COMMA = YES;
				CLANG_WARN_CONSTANT_CONVERSION = YES;
				CLANG_WARN_DEPRECATED_OBJC_IMPLEMENTATIONS = YES;
				CLANG_WARN_DIRECT_OBJC_ISA_USAGE = YES_ERROR;
				CLANG_WARN_DOCUMENTATION_COMMENTS = YES;
				CLANG_WARN_EMPTY_BODY = YES;
				CLANG_WARN_ENUM_CONVERSION = YES;
				CLANG_WARN_INFINITE_RECURSION = YES;
				CLANG_WARN_INT_CONVERSION = YES;
				CLANG_WARN_NON_LITERAL_NULL_CONVERSION = YES;
				CLANG_WARN_OBJC_IMPLICIT_RETAIN_SELF = YES;
				CLANG_WARN_OBJC_LITERAL_CONVERSION = YES;
				CLANG_WARN_OBJC_ROOT_CLASS = YES_ERROR;
				CLANG_WARN_RANGE_LOOP_ANALYSIS = YES;
				CLANG_WARN_STRICT_PROTOTYPES = YES;
				CLANG_WARN_SUSPICIOUS_MOVE = YES;
				CLANG_WARN_UNGUARDED_AVAILABILITY = YES_AGGRESSIVE;
				CLANG_WARN_UNREACHABLE_CODE = YES;
				CLANG_WARN__DUPLICATE_METHOD_MATCH = YES;
				CODE_SIGN_IDENTITY = "iPhone Developer";
				COPY_PHASE_STRIP = NO;
				DEBUG_INFORMATION_FORMAT = dwarf;
				ENABLE_STRICT_OBJC_MSGSEND = YES;
				ENABLE_TESTABILITY = YES;
				GCC_C_LANGUAGE_STANDARD = gnu11;
				GCC_DYNAMIC_NO_PIC = NO;
				GCC_NO_COMMON_BLOCKS = YES;
				GCC_OPTIMIZATION_LEVEL = 0;
				GCC_PREPROCESSOR_DEFINITIONS = (
					"DEBUG=1",
					"$(inherited)",
				);
				GCC_WARN_64_TO_32_BIT_CONVERSION = YES;
				GCC_WARN_ABOUT_RETURN_TYPE = YES_ERROR;
				GCC_WARN_UNDECLARED_SELECTOR = YES;
				GCC_WARN_UNINITIALIZED_AUTOS = YES_AGGRESSIVE;
				GCC_WARN_UNUSED_FUNCTION = YES;
				GCC_WARN_UNUSED_VARIABLE = YES;
				IPHONEOS_DEPLOYMENT_TARGET = 12.4;
				MTL_ENABLE_DEBUG_INFO = INCLUDE_SOURCE;
				MTL_FAST_MATH = YES;
				ONLY_ACTIVE_ARCH = YES;
				SDKROOT = iphoneos;
				SWIFT_ACTIVE_COMPILATION_CONDITIONS = DEBUG;
				SWIFT_OPTIMIZATION_LEVEL = "-Onone";
			};
			name = Debug;
		};
		F4DD24752323F678006D5B95 /* Release */ = {
			isa = XCBuildConfiguration;
			buildSettings = {
				ALWAYS_SEARCH_USER_PATHS = NO;
				CLANG_ANALYZER_NONNULL = YES;
				CLANG_ANALYZER_NUMBER_OBJECT_CONVERSION = YES_AGGRESSIVE;
				CLANG_CXX_LANGUAGE_STANDARD = "gnu++14";
				CLANG_CXX_LIBRARY = "libc++";
				CLANG_ENABLE_MODULES = YES;
				CLANG_ENABLE_OBJC_ARC = YES;
				CLANG_ENABLE_OBJC_WEAK = YES;
				CLANG_WARN_BLOCK_CAPTURE_AUTORELEASING = YES;
				CLANG_WARN_BOOL_CONVERSION = YES;
				CLANG_WARN_COMMA = YES;
				CLANG_WARN_CONSTANT_CONVERSION = YES;
				CLANG_WARN_DEPRECATED_OBJC_IMPLEMENTATIONS = YES;
				CLANG_WARN_DIRECT_OBJC_ISA_USAGE = YES_ERROR;
				CLANG_WARN_DOCUMENTATION_COMMENTS = YES;
				CLANG_WARN_EMPTY_BODY = YES;
				CLANG_WARN_ENUM_CONVERSION = YES;
				CLANG_WARN_INFINITE_RECURSION = YES;
				CLANG_WARN_INT_CONVERSION = YES;
				CLANG_WARN_NON_LITERAL_NULL_CONVERSION = YES;
				CLANG_WARN_OBJC_IMPLICIT_RETAIN_SELF = YES;
				CLANG_WARN_OBJC_LITERAL_CONVERSION = YES;
				CLANG_WARN_OBJC_ROOT_CLASS = YES_ERROR;
				CLANG_WARN_RANGE_LOOP_ANALYSIS = YES;
				CLANG_WARN_STRICT_PROTOTYPES = YES;
				CLANG_WARN_SUSPICIOUS_MOVE = YES;
				CLANG_WARN_UNGUARDED_AVAILABILITY = YES_AGGRESSIVE;
				CLANG_WARN_UNREACHABLE_CODE = YES;
				CLANG_WARN__DUPLICATE_METHOD_MATCH = YES;
				CODE_SIGN_IDENTITY = "iPhone Developer";
				COPY_PHASE_STRIP = NO;
				DEBUG_INFORMATION_FORMAT = "dwarf-with-dsym";
				ENABLE_NS_ASSERTIONS = NO;
				ENABLE_STRICT_OBJC_MSGSEND = YES;
				GCC_C_LANGUAGE_STANDARD = gnu11;
				GCC_NO_COMMON_BLOCKS = YES;
				GCC_WARN_64_TO_32_BIT_CONVERSION = YES;
				GCC_WARN_ABOUT_RETURN_TYPE = YES_ERROR;
				GCC_WARN_UNDECLARED_SELECTOR = YES;
				GCC_WARN_UNINITIALIZED_AUTOS = YES_AGGRESSIVE;
				GCC_WARN_UNUSED_FUNCTION = YES;
				GCC_WARN_UNUSED_VARIABLE = YES;
				IPHONEOS_DEPLOYMENT_TARGET = 12.4;
				MTL_ENABLE_DEBUG_INFO = NO;
				MTL_FAST_MATH = YES;
				SDKROOT = iphoneos;
				SWIFT_COMPILATION_MODE = wholemodule;
				SWIFT_OPTIMIZATION_LEVEL = "-O";
				VALIDATE_PRODUCT = YES;
			};
			name = Release;
		};
		F4DD24772323F678006D5B95 /* Debug */ = {
			isa = XCBuildConfiguration;
			buildSettings = {
				ASSETCATALOG_COMPILER_APPICON_NAME = AppIcon;
				CODE_SIGN_STYLE = Automatic;
				DEVELOPMENT_TEAM = HUQRC7VGPT;
				INFOPLIST_FILE = CaseCarry/Info.plist;
				LD_RUNPATH_SEARCH_PATHS = (
					"$(inherited)",
					"@executable_path/Frameworks",
				);
				PRODUCT_BUNDLE_IDENTIFIER = com.Tongsak.CaseCarry;
				PRODUCT_NAME = "$(TARGET_NAME)";
				SWIFT_VERSION = 5.0;
				TARGETED_DEVICE_FAMILY = "1,2";
			};
			name = Debug;
		};
		F4DD24782323F678006D5B95 /* Release */ = {
			isa = XCBuildConfiguration;
			buildSettings = {
				ASSETCATALOG_COMPILER_APPICON_NAME = AppIcon;
				CODE_SIGN_STYLE = Automatic;
				DEVELOPMENT_TEAM = HUQRC7VGPT;
				INFOPLIST_FILE = CaseCarry/Info.plist;
				LD_RUNPATH_SEARCH_PATHS = (
					"$(inherited)",
					"@executable_path/Frameworks",
				);
				PRODUCT_BUNDLE_IDENTIFIER = com.Tongsak.CaseCarry;
				PRODUCT_NAME = "$(TARGET_NAME)";
				SWIFT_VERSION = 5.0;
				TARGETED_DEVICE_FAMILY = "1,2";
			};
			name = Release;
		};
/* End XCBuildConfiguration section */

/* Begin XCConfigurationList section */
		F4DD245C2323F676006D5B95 /* Build configuration list for PBXProject "CaseCarry" */ = {
			isa = XCConfigurationList;
			buildConfigurations = (
				F4DD24742323F678006D5B95 /* Debug */,
				F4DD24752323F678006D5B95 /* Release */,
			);
			defaultConfigurationIsVisible = 0;
			defaultConfigurationName = Release;
		};
		F4DD24762323F678006D5B95 /* Build configuration list for PBXNativeTarget "CaseCarry" */ = {
			isa = XCConfigurationList;
			buildConfigurations = (
				F4DD24772323F678006D5B95 /* Debug */,
				F4DD24782323F678006D5B95 /* Release */,
			);
			defaultConfigurationIsVisible = 0;
			defaultConfigurationName = Release;
		};
/* End XCConfigurationList section */

/* Begin XCVersionGroup section */
		F4DD246B2323F676006D5B95 /* CaseCarry.xcdatamodeld */ = {
			isa = XCVersionGroup;
			children = (
				F4DD246C2323F676006D5B95 /* CaseCarry.xcdatamodel */,
			);
			currentVersion = F4DD246C2323F676006D5B95 /* CaseCarry.xcdatamodel */;
			path = CaseCarry.xcdatamodeld;
			sourceTree = "<group>";
			versionGroupType = wrapper.xcdatamodel;
		};
/* End XCVersionGroup section */
	};
	rootObject = F4DD24592323F676006D5B95 /* Project object */;
}
